
Microsoft Visual Studio Solution File, Format Version 12.00
# Visual Studio Version 17
VisualStudioVersion = 17.9.34616.47
MinimumVisualStudioVersion = 10.0.40219.1
Project("{FAE04EC0-301F-11D3-BF4B-00C04F79EFBC}") = "Razor08", "Razor08\Razor08.csproj", "{B9044596-E10B-4252-BA15-C677416D7415}"
EndProject
Global
	GlobalSection(SolutionConfigurationPlatforms) = preSolution
		Debug|Any CPU = Debug|Any CPU
		Release|Any CPU = Release|Any CPU
	EndGlobalSection
	GlobalSection(ProjectConfigurationPlatforms) = postSolution
		{B9044596-E10B-4252-BA15-C677416D7415}.Debug|Any CPU.ActiveCfg = Debug|Any CPU
		{B9044596-E10B-4252-BA15-C677416D7415}.Debug|Any CPU.Build.0 = Debug|Any CPU
		{B9044596-E10B-4252-BA15-C677416D7415}.Release|Any CPU.ActiveCfg = Release|Any CPU
		{B9044596-E10B-4252-BA15-C677416D7415}.Release|Any CPU.Build.0 = Release|Any CPU
	EndGlobalSection
	GlobalSection(SolutionProperties) = preSolution
		HideSolutionNode = FALSE
	EndGlobalSection
	GlobalSection(ExtensibilityGlobals) = postSolution
		SolutionGuid = {5C5E7144-B031-4D28-A7D9-152ACA07CAA2}
	EndGlobalSection
EndGlobal
